// !$*UTF8*$!
{
	archiveVersion = 1;
	classes = {
	};
	objectVersion = 50;
	objects = {

/* Begin PBXBuildFile section */
		071134FC229034BD0097BA52 /* AppDelegate.m in Sources */ = {isa = PBXBuildFile; fileRef = 071134FB229034BD0097BA52 /* AppDelegate.m */; };
		071134FF229034BD0097BA52 /* ViewController.mm in Sources */ = {isa = PBXBuildFile; fileRef = 071134FE229034BD0097BA52 /* ViewController.mm */; };
		07113502229034BD0097BA52 /* Main.storyboard in Resources */ = {isa = PBXBuildFile; fileRef = 07113500229034BD0097BA52 /* Main.storyboard */; };
		07113504229034BE0097BA52 /* Assets.xcassets in Resources */ = {isa = PBXBuildFile; fileRef = 07113503229034BE0097BA52 /* Assets.xcassets */; };
		07113507229034BE0097BA52 /* LaunchScreen.storyboard in Resources */ = {isa = PBXBuildFile; fileRef = 07113505229034BE0097BA52 /* LaunchScreen.storyboard */; };
		0711350A229034BE0097BA52 /* main.m in Sources */ = {isa = PBXBuildFile; fileRef = 07113509229034BE0097BA52 /* main.m */; };
		07113515229036E10097BA52 /* JavaScriptCore.framework in Frameworks */ = {isa = PBXBuildFile; fileRef = 07113514229036E10097BA52 /* JavaScriptCore.framework */; };
		07757DCF22904E7C0099CD3B /* libv8_monolith.a in Frameworks */ = {isa = PBXBuildFile; fileRef = 07757DCD22904E6A0099CD3B /* libv8_monolith.a */; };
		07757DDB229050BC0099CD3B /* v8 in Resources */ = {isa = PBXBuildFile; fileRef = 07757DDA229050BC0099CD3B /* v8 */; };
		07757DDC229050C10099CD3B /* v8 in Sources */ = {isa = PBXBuildFile; fileRef = 07757DDA229050BC0099CD3B /* v8 */; };
		07757DDF229053370099CD3B /* libv8_libbase.a in Frameworks */ = {isa = PBXBuildFile; fileRef = 07757DDD229053370099CD3B /* libv8_libbase.a */; };
		07757DE0229053370099CD3B /* libv8_libplatform.a in Frameworks */ = {isa = PBXBuildFile; fileRef = 07757DDE229053370099CD3B /* libv8_libplatform.a */; };
/* End PBXBuildFile section */

/* Begin PBXFileReference section */
		071134F7229034BD0097BA52 /* JSCore interop perf.app */ = {isa = PBXFileReference; explicitFileType = wrapper.application; includeInIndex = 0; path = "JSCore interop perf.app"; sourceTree = BUILT_PRODUCTS_DIR; };
		071134FA229034BD0097BA52 /* AppDelegate.h */ = {isa = PBXFileReference; lastKnownFileType = sourcecode.c.h; path = AppDelegate.h; sourceTree = "<group>"; };
		071134FB229034BD0097BA52 /* AppDelegate.m */ = {isa = PBXFileReference; lastKnownFileType = sourcecode.c.objc; path = AppDelegate.m; sourceTree = "<group>"; };
		071134FD229034BD0097BA52 /* ViewController.h */ = {isa = PBXFileReference; lastKnownFileType = sourcecode.c.h; path = ViewController.h; sourceTree = "<group>"; };
		071134FE229034BD0097BA52 /* ViewController.mm */ = {isa = PBXFileReference; lastKnownFileType = sourcecode.cpp.objcpp; path = ViewController.mm; sourceTree = "<group>"; };
		07113501229034BD0097BA52 /* Base */ = {isa = PBXFileReference; lastKnownFileType = file.storyboard; name = Base; path = Base.lproj/Main.storyboard; sourceTree = "<group>"; };
		07113503229034BE0097BA52 /* Assets.xcassets */ = {isa = PBXFileReference; lastKnownFileType = folder.assetcatalog; path = Assets.xcassets; sourceTree = "<group>"; };
		07113506229034BE0097BA52 /* Base */ = {isa = PBXFileReference; lastKnownFileType = file.storyboard; name = Base; path = Base.lproj/LaunchScreen.storyboard; sourceTree = "<group>"; };
		07113508229034BE0097BA52 /* Info.plist */ = {isa = PBXFileReference; lastKnownFileType = text.plist.xml; path = Info.plist; sourceTree = "<group>"; };
		07113509229034BE0097BA52 /* main.m */ = {isa = PBXFileReference; lastKnownFileType = sourcecode.c.objc; path = main.m; sourceTree = "<group>"; };
		07113511229036820097BA52 /* JSCoreTest.hpp */ = {isa = PBXFileReference; lastKnownFileType = sourcecode.cpp.h; path = JSCoreTest.hpp; sourceTree = "<group>"; };
		07113514229036E10097BA52 /* JavaScriptCore.framework */ = {isa = PBXFileReference; lastKnownFileType = wrapper.framework; name = JavaScriptCore.framework; path = System/Library/Frameworks/JavaScriptCore.framework; sourceTree = SDKROOT; };
		07757DCB22904BFA0099CD3B /* libv8_monolith.a */ = {isa = PBXFileReference; lastKnownFileType = archive.ar; name = libv8_monolith.a; path = "../../../v8/v8/out/release-ios/obj/libv8_monolith.a"; sourceTree = "<group>"; };
		07757DCD22904E6A0099CD3B /* libv8_monolith.a */ = {isa = PBXFileReference; lastKnownFileType = archive.ar; path = libv8_monolith.a; sourceTree = "<group>"; };
		07757DDA229050BC0099CD3B /* v8 */ = {isa = PBXFileReference; lastKnownFileType = folder; path = v8; sourceTree = "<group>"; };
		07757DDD229053370099CD3B /* libv8_libbase.a */ = {isa = PBXFileReference; lastKnownFileType = archive.ar; name = libv8_libbase.a; path = "JSCore interop perf/libv8_libbase.a"; sourceTree = "<group>"; };
		07757DDE229053370099CD3B /* libv8_libplatform.a */ = {isa = PBXFileReference; lastKnownFileType = archive.ar; name = libv8_libplatform.a; path = "JSCore interop perf/libv8_libplatform.a"; sourceTree = "<group>"; };
/* End PBXFileReference section */

/* Begin PBXFrameworksBuildPhase section */
		071134F4229034BD0097BA52 /* Frameworks */ = {
			isa = PBXFrameworksBuildPhase;
			buildActionMask = 2147483647;
			files = (
				07757DDF229053370099CD3B /* libv8_libbase.a in Frameworks */,
				07757DE0229053370099CD3B /* libv8_libplatform.a in Frameworks */,
				07757DCF22904E7C0099CD3B /* libv8_monolith.a in Frameworks */,
				07113515229036E10097BA52 /* JavaScriptCore.framework in Frameworks */,
			);
			runOnlyForDeploymentPostprocessing = 0;
		};
/* End PBXFrameworksBuildPhase section */

/* Begin PBXGroup section */
		071134EE229034BD0097BA52 = {
			isa = PBXGroup;
			children = (
				071134F9229034BD0097BA52 /* JSCore interop perf */,
				071134F8229034BD0097BA52 /* Products */,
				07113513229036E10097BA52 /* Frameworks */,
			);
			sourceTree = "<group>";
		};
		071134F8229034BD0097BA52 /* Products */ = {
			isa = PBXGroup;
			children = (
				071134F7229034BD0097BA52 /* JSCore interop perf.app */,
			);
			name = Products;
			sourceTree = "<group>";
		};
		071134F9229034BD0097BA52 /* JSCore interop perf */ = {
			isa = PBXGroup;
			children = (
				07757DDA229050BC0099CD3B /* v8 */,
				07757DCD22904E6A0099CD3B /* libv8_monolith.a */,
				071134FA229034BD0097BA52 /* AppDelegate.h */,
				071134FB229034BD0097BA52 /* AppDelegate.m */,
				071134FD229034BD0097BA52 /* ViewController.h */,
				071134FE229034BD0097BA52 /* ViewController.mm */,
				07113500229034BD0097BA52 /* Main.storyboard */,
				07113503229034BE0097BA52 /* Assets.xcassets */,
				07113505229034BE0097BA52 /* LaunchScreen.storyboard */,
				07113508229034BE0097BA52 /* Info.plist */,
				07113509229034BE0097BA52 /* main.m */,
				07113511229036820097BA52 /* JSCoreTest.hpp */,
			);
			path = "JSCore interop perf";
			sourceTree = "<group>";
		};
		07113513229036E10097BA52 /* Frameworks */ = {
			isa = PBXGroup;
			children = (
				07757DDD229053370099CD3B /* libv8_libbase.a */,
				07757DDE229053370099CD3B /* libv8_libplatform.a */,
				07757DCB22904BFA0099CD3B /* libv8_monolith.a */,
				07113514229036E10097BA52 /* JavaScriptCore.framework */,
			);
			name = Frameworks;
			sourceTree = "<group>";
		};
/* End PBXGroup section */

/* Begin PBXNativeTarget section */
		071134F6229034BD0097BA52 /* JSCore interop perf */ = {
			isa = PBXNativeTarget;
			buildConfigurationList = 0711350D229034BE0097BA52 /* Build configuration list for PBXNativeTarget "JSCore interop perf" */;
			buildPhases = (
				071134F3229034BD0097BA52 /* Sources */,
				071134F4229034BD0097BA52 /* Frameworks */,
				071134F5229034BD0097BA52 /* Resources */,
			);
			buildRules = (
			);
			dependencies = (
			);
			name = "JSCore interop perf";
			productName = "JSCore interop perf";
			productReference = 071134F7229034BD0097BA52 /* JSCore interop perf.app */;
			productType = "com.apple.product-type.application";
		};
/* End PBXNativeTarget section */

/* Begin PBXProject section */
		071134EF229034BD0097BA52 /* Project object */ = {
			isa = PBXProject;
			attributes = {
				LastUpgradeCheck = 1020;
				ORGANIZATIONNAME = RetVoid;
				TargetAttributes = {
					071134F6229034BD0097BA52 = {
						CreatedOnToolsVersion = 10.2;
					};
				};
			};
			buildConfigurationList = 071134F2229034BD0097BA52 /* Build configuration list for PBXProject "JSCore interop perf" */;
			compatibilityVersion = "Xcode 9.3";
			developmentRegion = en;
			hasScannedForEncodings = 0;
			knownRegions = (
				en,
				Base,
			);
			mainGroup = 071134EE229034BD0097BA52;
			productRefGroup = 071134F8229034BD0097BA52 /* Products */;
			projectDirPath = "";
			projectRoot = "";
			targets = (
				071134F6229034BD0097BA52 /* JSCore interop perf */,
			);
		};
/* End PBXProject section */

/* Begin PBXResourcesBuildPhase section */
		071134F5229034BD0097BA52 /* Resources */ = {
			isa = PBXResourcesBuildPhase;
			buildActionMask = 2147483647;
			files = (
				07757DDB229050BC0099CD3B /* v8 in Resources */,
				07113507229034BE0097BA52 /* LaunchScreen.storyboard in Resources */,
				07113504229034BE0097BA52 /* Assets.xcassets in Resources */,
				07113502229034BD0097BA52 /* Main.storyboard in Resources */,
			);
			runOnlyForDeploymentPostprocessing = 0;
		};
/* End PBXResourcesBuildPhase section */

/* Begin PBXSourcesBuildPhase section */
		071134F3229034BD0097BA52 /* Sources */ = {
			isa = PBXSourcesBuildPhase;
			buildActionMask = 2147483647;
			files = (
				07757DDC229050C10099CD3B /* v8 in Sources */,
				071134FF229034BD0097BA52 /* ViewController.mm in Sources */,
				0711350A229034BE0097BA52 /* main.m in Sources */,
				071134FC229034BD0097BA52 /* AppDelegate.m in Sources */,
			);
			runOnlyForDeploymentPostprocessing = 0;
		};
/* End PBXSourcesBuildPhase section */

/* Begin PBXVariantGroup section */
		07113500229034BD0097BA52 /* Main.storyboard */ = {
			isa = PBXVariantGroup;
			children = (
				07113501229034BD0097BA52 /* Base */,
			);
			name = Main.storyboard;
			sourceTree = "<group>";
		};
		07113505229034BE0097BA52 /* LaunchScreen.storyboard */ = {
			isa = PBXVariantGroup;
			children = (
				07113506229034BE0097BA52 /* Base */,
			);
			name = LaunchScreen.storyboard;
			sourceTree = "<group>";
		};
/* End PBXVariantGroup section */

/* Begin XCBuildConfiguration section */
		0711350B229034BE0097BA52 /* Debug */ = {
			isa = XCBuildConfiguration;
			buildSettings = {
				ALWAYS_SEARCH_USER_PATHS = NO;
				CLANG_ANALYZER_NONNULL = YES;
				CLANG_ANALYZER_NUMBER_OBJECT_CONVERSION = YES_AGGRESSIVE;
				CLANG_CXX_LANGUAGE_STANDARD = "gnu++14";
				CLANG_CXX_LIBRARY = "libc++";
				CLANG_ENABLE_MODULES = YES;
				CLANG_ENABLE_OBJC_ARC = YES;
				CLANG_ENABLE_OBJC_WEAK = YES;
				CLANG_WARN_BLOCK_CAPTURE_AUTORELEASING = YES;
				CLANG_WARN_BOOL_CONVERSION = YES;
				CLANG_WARN_COMMA = YES;
				CLANG_WARN_CONSTANT_CONVERSION = YES;
				CLANG_WARN_DEPRECATED_OBJC_IMPLEMENTATIONS = YES;
				CLANG_WARN_DIRECT_OBJC_ISA_USAGE = YES_ERROR;
				CLANG_WARN_DOCUMENTATION_COMMENTS = YES;
				CLANG_WARN_EMPTY_BODY = YES;
				CLANG_WARN_ENUM_CONVERSION = YES;
				CLANG_WARN_INFINITE_RECURSION = YES;
				CLANG_WARN_INT_CONVERSION = YES;
				CLANG_WARN_NON_LITERAL_NULL_CONVERSION = YES;
				CLANG_WARN_OBJC_IMPLICIT_RETAIN_SELF = YES;
				CLANG_WARN_OBJC_LITERAL_CONVERSION = YES;
				CLANG_WARN_OBJC_ROOT_CLASS = YES_ERROR;
				CLANG_WARN_RANGE_LOOP_ANALYSIS = YES;
				CLANG_WARN_STRICT_PROTOTYPES = YES;
				CLANG_WARN_SUSPICIOUS_MOVE = YES;
				CLANG_WARN_UNGUARDED_AVAILABILITY = YES_AGGRESSIVE;
				CLANG_WARN_UNREACHABLE_CODE = YES;
				CLANG_WARN__DUPLICATE_METHOD_MATCH = YES;
				CODE_SIGN_IDENTITY = "iPhone Developer";
				COPY_PHASE_STRIP = NO;
				DEBUG_INFORMATION_FORMAT = dwarf;
				ENABLE_STRICT_OBJC_MSGSEND = YES;
				ENABLE_TESTABILITY = YES;
				GCC_C_LANGUAGE_STANDARD = gnu11;
				GCC_DYNAMIC_NO_PIC = NO;
				GCC_NO_COMMON_BLOCKS = YES;
				GCC_OPTIMIZATION_LEVEL = 0;
				GCC_PREPROCESSOR_DEFINITIONS = (
					"DEBUG=1",
					"$(inherited)",
				);
				GCC_WARN_64_TO_32_BIT_CONVERSION = YES;
				GCC_WARN_ABOUT_RETURN_TYPE = YES_ERROR;
				GCC_WARN_UNDECLARED_SELECTOR = YES;
				GCC_WARN_UNINITIALIZED_AUTOS = YES_AGGRESSIVE;
				GCC_WARN_UNUSED_FUNCTION = YES;
				GCC_WARN_UNUSED_VARIABLE = YES;
				IPHONEOS_DEPLOYMENT_TARGET = 12.2;
				MTL_ENABLE_DEBUG_INFO = INCLUDE_SOURCE;
				MTL_FAST_MATH = YES;
				ONLY_ACTIVE_ARCH = YES;
				SDKROOT = iphoneos;
			};
			name = Debug;
		};
		0711350C229034BE0097BA52 /* Release */ = {
			isa = XCBuildConfiguration;
			buildSettings = {
				ALWAYS_SEARCH_USER_PATHS = NO;
				CLANG_ANALYZER_NONNULL = YES;
				CLANG_ANALYZER_NUMBER_OBJECT_CONVERSION = YES_AGGRESSIVE;
				CLANG_CXX_LANGUAGE_STANDARD = "gnu++14";
				CLANG_CXX_LIBRARY = "libc++";
				CLANG_ENABLE_MODULES = YES;
				CLANG_ENABLE_OBJC_ARC = YES;
				CLANG_ENABLE_OBJC_WEAK = YES;
				CLANG_WARN_BLOCK_CAPTURE_AUTORELEASING = YES;
				CLANG_WARN_BOOL_CONVERSION = YES;
				CLANG_WARN_COMMA = YES;
				CLANG_WARN_CONSTANT_CONVERSION = YES;
				CLANG_WARN_DEPRECATED_OBJC_IMPLEMENTATIONS = YES;
				CLANG_WARN_DIRECT_OBJC_ISA_USAGE = YES_ERROR;
				CLANG_WARN_DOCUMENTATION_COMMENTS = YES;
				CLANG_WARN_EMPTY_BODY = YES;
				CLANG_WARN_ENUM_CONVERSION = YES;
				CLANG_WARN_INFINITE_RECURSION = YES;
				CLANG_WARN_INT_CONVERSION = YES;
				CLANG_WARN_NON_LITERAL_NULL_CONVERSION = YES;
				CLANG_WARN_OBJC_IMPLICIT_RETAIN_SELF = YES;
				CLANG_WARN_OBJC_LITERAL_CONVERSION = YES;
				CLANG_WARN_OBJC_ROOT_CLASS = YES_ERROR;
				CLANG_WARN_RANGE_LOOP_ANALYSIS = YES;
				CLANG_WARN_STRICT_PROTOTYPES = YES;
				CLANG_WARN_SUSPICIOUS_MOVE = YES;
				CLANG_WARN_UNGUARDED_AVAILABILITY = YES_AGGRESSIVE;
				CLANG_WARN_UNREACHABLE_CODE = YES;
				CLANG_WARN__DUPLICATE_METHOD_MATCH = YES;
				CODE_SIGN_IDENTITY = "iPhone Developer";
				COPY_PHASE_STRIP = NO;
				DEBUG_INFORMATION_FORMAT = "dwarf-with-dsym";
				ENABLE_NS_ASSERTIONS = NO;
				ENABLE_STRICT_OBJC_MSGSEND = YES;
				GCC_C_LANGUAGE_STANDARD = gnu11;
				GCC_NO_COMMON_BLOCKS = YES;
				GCC_WARN_64_TO_32_BIT_CONVERSION = YES;
				GCC_WARN_ABOUT_RETURN_TYPE = YES_ERROR;
				GCC_WARN_UNDECLARED_SELECTOR = YES;
				GCC_WARN_UNINITIALIZED_AUTOS = YES_AGGRESSIVE;
				GCC_WARN_UNUSED_FUNCTION = YES;
				GCC_WARN_UNUSED_VARIABLE = YES;
				IPHONEOS_DEPLOYMENT_TARGET = 12.2;
				MTL_ENABLE_DEBUG_INFO = NO;
				MTL_FAST_MATH = YES;
				SDKROOT = iphoneos;
				VALIDATE_PRODUCT = YES;
			};
			name = Release;
		};
		0711350E229034BE0097BA52 /* Debug */ = {
			isa = XCBuildConfiguration;
			buildSettings = {
				ASSETCATALOG_COMPILER_APPICON_NAME = AppIcon;
				CODE_SIGN_STYLE = Automatic;
				DEVELOPMENT_TEAM = 62DWF5SM95;
				INFOPLIST_FILE = "JSCore interop perf/Info.plist";
				LD_RUNPATH_SEARCH_PATHS = (
					"$(inherited)",
					"@executable_path/Frameworks",
				);
				LIBRARY_SEARCH_PATHS = (
					"$(inherited)",
					"$(PROJECT_DIR)/JSCore\\ interop\\ perf",
					"$(PROJECT_DIR)/JSCore\\ interop\\ perf",
					"$(PROJECT_DIR)/JSCore\\ interop\\ perf",
					"$(PROJECT_DIR)/JSCore\\ interop\\ perf",
				);
				PRODUCT_BUNDLE_IDENTIFIER = "cc.retvoid.JSCore-interop-perf";
				PRODUCT_NAME = "$(TARGET_NAME)";
				TARGETED_DEVICE_FAMILY = "1,2";
			};
			name = Debug;
		};
		0711350F229034BE0097BA52 /* Release */ = {
			isa = XCBuildConfiguration;
			buildSettings = {
				ASSETCATALOG_COMPILER_APPICON_NAME = AppIcon;
				CODE_SIGN_STYLE = Automatic;
				DEVELOPMENT_TEAM = 62DWF5SM95;
				INFOPLIST_FILE = "JSCore interop perf/Info.plist";
				LD_RUNPATH_SEARCH_PATHS = (
					"$(inherited)",
					"@executable_path/Frameworks",
				);
				LIBRARY_SEARCH_PATHS = (
					"$(inherited)",
					"$(PROJECT_DIR)/JSCore\\ interop\\ perf",
					"$(PROJECT_DIR)/JSCore\\ interop\\ perf",
					"$(PROJECT_DIR)/JSCore\\ interop\\ perf",
					"$(PROJECT_DIR)/JSCore\\ interop\\ perf",
				);
				PRODUCT_BUNDLE_IDENTIFIER = "cc.retvoid.JSCore-interop-perf";
				PRODUCT_NAME = "$(TARGET_NAME)";
				TARGETED_DEVICE_FAMILY = "1,2";
			};
			name = Release;
		};
/* End XCBuildConfiguration section */

/* Begin XCConfigurationList section */
		071134F2229034BD0097BA52 /* Build configuration list for PBXProject "JSCore interop perf" */ = {
			isa = XCConfigurationList;
			buildConfigurations = (
				0711350B229034BE0097BA52 /* Debug */,
				0711350C229034BE0097BA52 /* Release */,
			);
			defaultConfigurationIsVisible = 0;
			defaultConfigurationName = Release;
		};
		0711350D229034BE0097BA52 /* Build configuration list for PBXNativeTarget "JSCore interop perf" */ = {
			isa = XCConfigurationList;
			buildConfigurations = (
				0711350E229034BE0097BA52 /* Debug */,
				0711350F229034BE0097BA52 /* Release */,
			);
			defaultConfigurationIsVisible = 0;
			defaultConfigurationName = Release;
		};
/* End XCConfigurationList section */
	};
	rootObject = 071134EF229034BD0097BA52 /* Project object */;
}
